
Microsoft Visual Studio Solution File, Format Version 12.00
# Visual Studio 15
VisualStudioVersion = 15.0.26730.16
MinimumVisualStudioVersion = 10.0.40219.1
Project("{8BC9CEB8-8B4A-11D0-8D11-00A0C91BC942}") = "helloworld", "c++学习\c++学习.vcxproj", "{7E07940B-7E2A-4F5A-91CD-13C3C9B12F24}"
EndProject
Project("{8BC9CEB8-8B4A-11D0-8D11-00A0C91BC942}") = "namespace", "namespace\namespace.vcxproj", "{FCF5799F-EBDE-462C-BE9C-EE121C710077}"
EndProject
Project("{8BC9CEB8-8B4A-11D0-8D11-00A0C91BC942}") = "练习1", "练习1\练习1.vcxproj", "{F0AAF8DE-A9E4-419B-B05B-569F70735296}"
EndProject
Project("{8BC9CEB8-8B4A-11D0-8D11-00A0C91BC942}") = "bitset", "bitset\bitset.vcxproj", "{5D8E1815-8325-42E2-96E7-B02FE512A75A}"
EndProject
Project("{8BC9CEB8-8B4A-11D0-8D11-00A0C91BC942}") = "类型转换", "类型转换\类型转换.vcxproj", "{F5B72C6C-3896-4F5D-978A-002B137C64A6}"
EndProject
Project("{8BC9CEB8-8B4A-11D0-8D11-00A0C91BC942}") = "异常", "异常\异常.vcxproj", "{116A8F03-A477-48BC-ABCD-58621518C71E}"
EndProject
Project("{8BC9CEB8-8B4A-11D0-8D11-00A0C91BC942}") = "io", "io\io.vcxproj", "{469254B1-04A8-44B3-BD50-2D111A26309C}"
EndProject
Project("{8BC9CEB8-8B4A-11D0-8D11-00A0C91BC942}") = "vector", "容器\容器.vcxproj", "{3B965758-68AB-4ED9-86CC-8BCF7031349B}"
EndProject
Global
	GlobalSection(SolutionConfigurationPlatforms) = preSolution
		Debug|x64 = Debug|x64
		Debug|x86 = Debug|x86
		Release|x64 = Release|x64
		Release|x86 = Release|x86
	EndGlobalSection
	GlobalSection(ProjectConfigurationPlatforms) = postSolution
		{7E07940B-7E2A-4F5A-91CD-13C3C9B12F24}.Debug|x64.ActiveCfg = Debug|x64
		{7E07940B-7E2A-4F5A-91CD-13C3C9B12F24}.Debug|x64.Build.0 = Debug|x64
		{7E07940B-7E2A-4F5A-91CD-13C3C9B12F24}.Debug|x86.ActiveCfg = Debug|Win32
		{7E07940B-7E2A-4F5A-91CD-13C3C9B12F24}.Debug|x86.Build.0 = Debug|Win32
		{7E07940B-7E2A-4F5A-91CD-13C3C9B12F24}.Release|x64.ActiveCfg = Release|x64
		{7E07940B-7E2A-4F5A-91CD-13C3C9B12F24}.Release|x64.Build.0 = Release|x64
		{7E07940B-7E2A-4F5A-91CD-13C3C9B12F24}.Release|x86.ActiveCfg = Release|Win32
		{7E07940B-7E2A-4F5A-91CD-13C3C9B12F24}.Release|x86.Build.0 = Release|Win32
		{FCF5799F-EBDE-462C-BE9C-EE121C710077}.Debug|x64.ActiveCfg = Debug|x64
		{FCF5799F-EBDE-462C-BE9C-EE121C710077}.Debug|x64.Build.0 = Debug|x64
		{FCF5799F-EBDE-462C-BE9C-EE121C710077}.Debug|x86.ActiveCfg = Debug|Win32
		{FCF5799F-EBDE-462C-BE9C-EE121C710077}.Debug|x86.Build.0 = Debug|Win32
		{FCF5799F-EBDE-462C-BE9C-EE121C710077}.Release|x64.ActiveCfg = Release|x64
		{FCF5799F-EBDE-462C-BE9C-EE121C710077}.Release|x64.Build.0 = Release|x64
		{FCF5799F-EBDE-462C-BE9C-EE121C710077}.Release|x86.ActiveCfg = Release|Win32
		{FCF5799F-EBDE-462C-BE9C-EE121C710077}.Release|x86.Build.0 = Release|Win32
		{F0AAF8DE-A9E4-419B-B05B-569F70735296}.Debug|x64.ActiveCfg = Debug|x64
		{F0AAF8DE-A9E4-419B-B05B-569F70735296}.Debug|x64.Build.0 = Debug|x64
		{F0AAF8DE-A9E4-419B-B05B-569F70735296}.Debug|x86.ActiveCfg = Debug|Win32
		{F0AAF8DE-A9E4-419B-B05B-569F70735296}.Debug|x86.Build.0 = Debug|Win32
		{F0AAF8DE-A9E4-419B-B05B-569F70735296}.Release|x64.ActiveCfg = Release|x64
		{F0AAF8DE-A9E4-419B-B05B-569F70735296}.Release|x64.Build.0 = Release|x64
		{F0AAF8DE-A9E4-419B-B05B-569F70735296}.Release|x86.ActiveCfg = Release|Win32
		{F0AAF8DE-A9E4-419B-B05B-569F70735296}.Release|x86.Build.0 = Release|Win32
		{5D8E1815-8325-42E2-96E7-B02FE512A75A}.Debug|x64.ActiveCfg = Debug|x64
		{5D8E1815-8325-42E2-96E7-B02FE512A75A}.Debug|x64.Build.0 = Debug|x64
		{5D8E1815-8325-42E2-96E7-B02FE512A75A}.Debug|x86.ActiveCfg = Debug|Win32
		{5D8E1815-8325-42E2-96E7-B02FE512A75A}.Debug|x86.Build.0 = Debug|Win32
		{5D8E1815-8325-42E2-96E7-B02FE512A75A}.Release|x64.ActiveCfg = Release|x64
		{5D8E1815-8325-42E2-96E7-B02FE512A75A}.Release|x64.Build.0 = Release|x64
		{5D8E1815-8325-42E2-96E7-B02FE512A75A}.Release|x86.ActiveCfg = Release|Win32
		{5D8E1815-8325-42E2-96E7-B02FE512A75A}.Release|x86.Build.0 = Release|Win32
		{F5B72C6C-3896-4F5D-978A-002B137C64A6}.Debug|x64.ActiveCfg = Debug|x64
		{F5B72C6C-3896-4F5D-978A-002B137C64A6}.Debug|x64.Build.0 = Debug|x64
		{F5B72C6C-3896-4F5D-978A-002B137C64A6}.Debug|x86.ActiveCfg = Debug|Win32
		{F5B72C6C-3896-4F5D-978A-002B137C64A6}.Debug|x86.Build.0 = Debug|Win32
		{F5B72C6C-3896-4F5D-978A-002B137C64A6}.Release|x64.ActiveCfg = Release|x64
		{F5B72C6C-3896-4F5D-978A-002B137C64A6}.Release|x64.Build.0 = Release|x64
		{F5B72C6C-3896-4F5D-978A-002B137C64A6}.Release|x86.ActiveCfg = Release|Win32
		{F5B72C6C-3896-4F5D-978A-002B137C64A6}.Release|x86.Build.0 = Release|Win32
		{116A8F03-A477-48BC-ABCD-58621518C71E}.Debug|x64.ActiveCfg = Debug|x64
		{116A8F03-A477-48BC-ABCD-58621518C71E}.Debug|x64.Build.0 = Debug|x64
		{116A8F03-A477-48BC-ABCD-58621518C71E}.Debug|x86.ActiveCfg = Debug|Win32
		{116A8F03-A477-48BC-ABCD-58621518C71E}.Debug|x86.Build.0 = Debug|Win32
		{116A8F03-A477-48BC-ABCD-58621518C71E}.Release|x64.ActiveCfg = Release|x64
		{116A8F03-A477-48BC-ABCD-58621518C71E}.Release|x64.Build.0 = Release|x64
		{116A8F03-A477-48BC-ABCD-58621518C71E}.Release|x86.ActiveCfg = Release|Win32
		{116A8F03-A477-48BC-ABCD-58621518C71E}.Release|x86.Build.0 = Release|Win32
		{469254B1-04A8-44B3-BD50-2D111A26309C}.Debug|x64.ActiveCfg = Debug|x64
		{469254B1-04A8-44B3-BD50-2D111A26309C}.Debug|x64.Build.0 = Debug|x64
		{469254B1-04A8-44B3-BD50-2D111A26309C}.Debug|x86.ActiveCfg = Debug|Win32
		{469254B1-04A8-44B3-BD50-2D111A26309C}.Debug|x86.Build.0 = Debug|Win32
		{469254B1-04A8-44B3-BD50-2D111A26309C}.Release|x64.ActiveCfg = Release|x64
		{469254B1-04A8-44B3-BD50-2D111A26309C}.Release|x64.Build.0 = Release|x64
		{469254B1-04A8-44B3-BD50-2D111A26309C}.Release|x86.ActiveCfg = Release|Win32
		{469254B1-04A8-44B3-BD50-2D111A26309C}.Release|x86.Build.0 = Release|Win32
		{3B965758-68AB-4ED9-86CC-8BCF7031349B}.Debug|x64.ActiveCfg = Debug|x64
		{3B965758-68AB-4ED9-86CC-8BCF7031349B}.Debug|x64.Build.0 = Debug|x64
		{3B965758-68AB-4ED9-86CC-8BCF7031349B}.Debug|x86.ActiveCfg = Debug|Win32
		{3B965758-68AB-4ED9-86CC-8BCF7031349B}.Debug|x86.Build.0 = Debug|Win32
		{3B965758-68AB-4ED9-86CC-8BCF7031349B}.Release|x64.ActiveCfg = Release|x64
		{3B965758-68AB-4ED9-86CC-8BCF7031349B}.Release|x64.Build.0 = Release|x64
		{3B965758-68AB-4ED9-86CC-8BCF7031349B}.Release|x86.ActiveCfg = Release|Win32
		{3B965758-68AB-4ED9-86CC-8BCF7031349B}.Release|x86.Build.0 = Release|Win32
	EndGlobalSection
	GlobalSection(SolutionProperties) = preSolution
		HideSolutionNode = FALSE
	EndGlobalSection
	GlobalSection(ExtensibilityGlobals) = postSolution
		SolutionGuid = {A2D767FD-5916-4D32-88FE-BDE2F531E8D0}
	EndGlobalSection
EndGlobal
